
Microsoft Visual Studio Solution File, Format Version 12.00
# Visual Studio Version 17
VisualStudioVersion = 17.9.34728.123
MinimumVisualStudioVersion = 10.0.40219.1
Project("{E24C65DC-7377-472B-9ABA-BC803B73C61A}") = "HTML_Project", ".", "{64809A87-C969-45D4-936D-768E6DFFABA6}"
	ProjectSection(WebsiteProperties) = preProject
		TargetFrameworkMoniker = ".NETFramework,Version%3Dv4.8"
		Debug.AspNetCompiler.VirtualPath = "/localhost_50704"
		Debug.AspNetCompiler.PhysicalPath = "..\HTML_Project\"
		Debug.AspNetCompiler.TargetPath = "PrecompiledWeb\localhost_50704\"
		Debug.AspNetCompiler.Updateable = "true"
		Debug.AspNetCompiler.ForceOverwrite = "true"
		Debug.AspNetCompiler.FixedNames = "false"
		Debug.AspNetCompiler.Debug = "True"
		Release.AspNetCompiler.VirtualPath = "/localhost_50704"
		Release.AspNetCompiler.PhysicalPath = "..\HTML_Project\"
		Release.AspNetCompiler.TargetPath = "PrecompiledWeb\localhost_50704\"
		Release.AspNetCompiler.Updateable = "true"
		Release.AspNetCompiler.ForceOverwrite = "true"
		Release.AspNetCompiler.FixedNames = "false"
		Release.AspNetCompiler.Debug = "False"
		VWDPort = "50704"
		SlnRelativePath = "..\HTML_Project\"
	EndProjectSection
EndProject
Global
	GlobalSection(SolutionConfigurationPlatforms) = preSolution
		Debug|Any CPU = Debug|Any CPU
	EndGlobalSection
	GlobalSection(ProjectConfigurationPlatforms) = postSolution
		{64809A87-C969-45D4-936D-768E6DFFABA6}.Debug|Any CPU.ActiveCfg = Debug|Any CPU
		{64809A87-C969-45D4-936D-768E6DFFABA6}.Debug|Any CPU.Build.0 = Debug|Any CPU
	EndGlobalSection
	GlobalSection(SolutionProperties) = preSolution
		HideSolutionNode = FALSE
	EndGlobalSection
	GlobalSection(ExtensibilityGlobals) = postSolution
		SolutionGuid = {34E5F52D-62BD-4F6E-945F-8B9097752297}
	EndGlobalSection
EndGlobal
